<Solution>
  <Folder Name="/src/">
    <Project Path="src/Rune.Api/Rune.Api.csproj" />
    <Project Path="src/Rune.Bot/Rune.Bot.csproj" />
    <Project Path="src/Rune.Runtime/Rune.Runtime.csproj" />
  </Folder>
  <Folder Name="/tests/">
    <Project Path="tests/Rune.Api.Tests/Rune.Api.Tests.csproj" />
    <Project Path="tests/Rune.Generator.Tests/Rune.Generator.Tests.csproj" />
    <Project Path="tests/Rune.Runtime.Tests/Rune.Runtime.Tests.csproj" />
  </Folder>
  <Folder Name="/tools/">
    <Project Path="tools/Rune.Generator/Rune.Generator.csproj" />
  </Folder>
</Solution>
