<Solution>
  <Folder Name="/src/">
    <Project Path="src/Rune.Bot/Rune.Bot.csproj" />
    <Project Path="src/Rune.Core/Rune.Core.csproj" />
    <Project Path="src/Rune.Runtime/Rune.Runtime.csproj" />
  </Folder>
  <Folder Name="/tests/">
    <Project Path="tests/Rune.Runtime.Native.IntegrationTests/Rune.Runtime.Native.IntegrationTests.csproj" />
  </Folder>
</Solution>
